[root]
name = "kernel"
version = "0.1.0"
dependencies = [
 "core 0.1.0",
 "rlibc 0.1.4",
 "typenum 1.0.2",
]

[[package]]
name = "core"
version = "0.1.0"

[[package]]
name = "rlibc"
version = "0.1.4"
dependencies = [
 "core 0.1.0",
]

[[package]]
name = "typenum"
version = "1.0.2"
dependencies = [
 "core 0.1.0",
]

