[root]
name = "kernel"
version = "0.1.0"
dependencies = [
 "core 0.1.0",
 "rlibc 0.1.5",
 "typenum 1.2.0",
]

[[package]]
name = "core"
version = "0.1.0"

[[package]]
name = "rlibc"
version = "0.1.5"
dependencies = [
 "core 0.1.0",
]

[[package]]
name = "typenum"
version = "1.2.0"
dependencies = [
 "core 0.1.0",
]

